
Microsoft Visual Studio Solution File, Format Version 12.00
# Visual Studio Version 17
VisualStudioVersion = 17.3.32929.385
MinimumVisualStudioVersion = 10.0.40219.1
Project("{FAE04EC0-301F-11D3-BF4B-00C04F79EFBC}") = "ConsoleAppPrincipal", "ConsoleAppPrincipal\ConsoleAppPrincipal.csproj", "{7B0FDE87-3034-4E97-A83C-D89815C986C3}"
EndProject
Project("{FAE04EC0-301F-11D3-BF4B-00C04F79EFBC}") = "Models", "Models\Models.csproj", "{4030A415-9CBC-4A92-980E-67BF22681849}"
EndProject
Global
	GlobalSection(SolutionConfigurationPlatforms) = preSolution
		Debug|Any CPU = Debug|Any CPU
		Release|Any CPU = Release|Any CPU
	EndGlobalSection
	GlobalSection(ProjectConfigurationPlatforms) = postSolution
		{7B0FDE87-3034-4E97-A83C-D89815C986C3}.Debug|Any CPU.ActiveCfg = Debug|Any CPU
		{7B0FDE87-3034-4E97-A83C-D89815C986C3}.Debug|Any CPU.Build.0 = Debug|Any CPU
		{7B0FDE87-3034-4E97-A83C-D89815C986C3}.Release|Any CPU.ActiveCfg = Release|Any CPU
		{7B0FDE87-3034-4E97-A83C-D89815C986C3}.Release|Any CPU.Build.0 = Release|Any CPU
		{4030A415-9CBC-4A92-980E-67BF22681849}.Debug|Any CPU.ActiveCfg = Debug|Any CPU
		{4030A415-9CBC-4A92-980E-67BF22681849}.Debug|Any CPU.Build.0 = Debug|Any CPU
		{4030A415-9CBC-4A92-980E-67BF22681849}.Release|Any CPU.ActiveCfg = Release|Any CPU
		{4030A415-9CBC-4A92-980E-67BF22681849}.Release|Any CPU.Build.0 = Release|Any CPU
	EndGlobalSection
	GlobalSection(SolutionProperties) = preSolution
		HideSolutionNode = FALSE
	EndGlobalSection
	GlobalSection(ExtensibilityGlobals) = postSolution
		SolutionGuid = {75747D96-3460-4D7D-8F8A-1FBE30D91B0A}
	EndGlobalSection
EndGlobal
